
Microsoft Visual Studio Solution File, Format Version 12.00
# Visual Studio Version 17
VisualStudioVersion = 17.2.32630.192
MinimumVisualStudioVersion = 10.0.40219.1
Project("{9A19103F-16F7-4668-BE54-9A1E7A4F7556}") = "SuperHeroAPI", "SuperHeroAPI.csproj", "{AB421BF9-19D4-497F-9A1B-AAFD6836B46A}"
EndProject
Global
	GlobalSection(SolutionConfigurationPlatforms) = preSolution
		Debug|Any CPU = Debug|Any CPU
		Release|Any CPU = Release|Any CPU
	EndGlobalSection
	GlobalSection(ProjectConfigurationPlatforms) = postSolution
		{AB421BF9-19D4-497F-9A1B-AAFD6836B46A}.Debug|Any CPU.ActiveCfg = Debug|Any CPU
		{AB421BF9-19D4-497F-9A1B-AAFD6836B46A}.Debug|Any CPU.Build.0 = Debug|Any CPU
		{AB421BF9-19D4-497F-9A1B-AAFD6836B46A}.Release|Any CPU.ActiveCfg = Release|Any CPU
		{AB421BF9-19D4-497F-9A1B-AAFD6836B46A}.Release|Any CPU.Build.0 = Release|Any CPU
	EndGlobalSection
	GlobalSection(SolutionProperties) = preSolution
		HideSolutionNode = FALSE
	EndGlobalSection
	GlobalSection(ExtensibilityGlobals) = postSolution
		SolutionGuid = {085A9787-B3B8-4A85-893D-888D641FA3E6}
	EndGlobalSection
EndGlobal
